{
  "name": "@sbroenne/mcp-server-powerpoint",
  "version": "0.0.0-development",
  "lockfileVersion": 3,
  "requires": true,
  "packages": {
    "": {
      "name": "@sbroenne/mcp-server-powerpoint",
      "version": "0.0.0-development",
      "license": "MIT",
      "dependencies": {
        "foreground-child": "^4.0.3"
      },
      "bin": {
        "mcp-powerpoint": "bin/mcp-powerpoint.js"
      },
      "engines": {
        "node": ">=18"
      },
      "optionalDependencies": {
        "@sbroenne/mcp-server-powerpoint-win32-arm64": "file:../mcp-server-powerpoint-win32-arm64",
        "@sbroenne/mcp-server-powerpoint-win32-x64": "file:../mcp-server-powerpoint-win32-x64"
      }
    },
    "../mcp-server-powerpoint-win32-arm64": {
      "name": "@sbroenne/mcp-server-powerpoint-win32-arm64",
      "version": "0.0.0-development",
      "cpu": [
        "arm64"
      ],
      "license": "MIT",
      "optional": true,
      "os": [
        "win32"
      ]
    },
    "../mcp-server-powerpoint-win32-x64": {
      "name": "@sbroenne/mcp-server-powerpoint-win32-x64",
      "version": "0.0.0-development",
      "cpu": [
        "x64"
      ],
      "license": "MIT",
      "optional": true,
      "os": [
        "win32"
      ]
    },
    "node_modules/@sbroenne/mcp-server-powerpoint-win32-arm64": {
      "resolved": "../mcp-server-powerpoint-win32-arm64",
      "link": true
    },
    "node_modules/@sbroenne/mcp-server-powerpoint-win32-x64": {
      "resolved": "../mcp-server-powerpoint-win32-x64",
      "link": true
    },
    "node_modules/foreground-child": {
      "version": "4.0.3",
      "integrity": "sha512-yeXZaNbCBGaT9giTpLPBdtedzjwhlJBUoL/R4BVQU5mn0TQXOHwVIl1Q2DMuBIdNno4ktA1abZ7dQFVxD6uHxw==",
      "license": "BlueOak-1.0.0",
      "dependencies": {
        "signal-exit": "^4.0.1"
      },
      "engines": {
        "node": ">=16"
      },
      "funding": {
        "url": "https://github.com/sponsors/isaacs"
      }
    },
    "node_modules/signal-exit": {
      "version": "4.1.0",
      "integrity": "sha512-bzyZ1e88w9O1iNJbKnOlvYTrWPDl46O1bG0D3XInv+9tkPrxrN8jUUTiFlDkkmKWgn1M6CfIA13SuGqOa9Korw==",
      "license": "ISC",
      "engines": {
        "node": ">=14"
      },
      "funding": {
        "url": "https://github.com/sponsors/isaacs"
      }
    }
  }
}
